// !$*UTF8*$!
{
	archiveVersion = 1;
	classes = {
	};
	objectVersion = 77;
	objects = {

/* Begin PBXBuildFile section */
		87FAF5502FB8CA49008298BD /* WidgetKit.framework in Frameworks */ = {isa = PBXBuildFile; fileRef = 87FAF54F2FB8CA49008298BD /* WidgetKit.framework */; };
		87FAF5522FB8CA49008298BD /* SwiftUI.framework in Frameworks */ = {isa = PBXBuildFile; fileRef = 87FAF5512FB8CA49008298BD /* SwiftUI.framework */; };
		87FAF55D2FB8CA4B008298BD /* TokenTrackerWidgetExtension.appex in Embed Foundation Extensions */ = {isa = PBXBuildFile; fileRef = 87FAF54D2FB8CA49008298BD /* TokenTrackerWidgetExtension.appex */; settings = {ATTRIBUTES = (RemoveHeadersOnCopy, ); }; };
		AA1234560000000000000001 /* UsageData.swift in Sources */ = {isa = PBXBuildFile; fileRef = AA1234560000000000000000 /* UsageData.swift */; };
		AA1234560000000000000005 /* SharedStore.swift in Sources */ = {isa = PBXBuildFile; fileRef = AA1234560000000000000004 /* SharedStore.swift */; };
/* End PBXBuildFile section */

/* Begin PBXContainerItemProxy section */
		87FAF55B2FB8CA4B008298BD /* PBXContainerItemProxy */ = {
			isa = PBXContainerItemProxy;
			containerPortal = 87FAF5332FB8C9AA008298BD /* Project object */;
			proxyType = 1;
			remoteGlobalIDString = 87FAF54C2FB8CA49008298BD;
			remoteInfo = TokenTrackerWidgetExtension;
		};
		87FAF56B2FB8CAB5008298BD /* PBXContainerItemProxy */ = {
			isa = PBXContainerItemProxy;
			containerPortal = 87FAF5332FB8C9AA008298BD /* Project object */;
			proxyType = 1;
			remoteGlobalIDString = 87FAF53A2FB8C9AA008298BD;
			remoteInfo = TokenTracker;
		};
/* End PBXContainerItemProxy section */

/* Begin PBXCopyFilesBuildPhase section */
		87FAF5622FB8CA4B008298BD /* Embed Foundation Extensions */ = {
			isa = PBXCopyFilesBuildPhase;
			buildActionMask = 2147483647;
			dstPath = "";
			dstSubfolderSpec = 13;
			files = (
				87FAF55D2FB8CA4B008298BD /* TokenTrackerWidgetExtension.appex in Embed Foundation Extensions */,
			);
			name = "Embed Foundation Extensions";
			runOnlyForDeploymentPostprocessing = 0;
		};
/* End PBXCopyFilesBuildPhase section */

/* Begin PBXFileReference section */
		87FAF53B2FB8C9AA008298BD /* TokenTracker.app */ = {isa = PBXFileReference; explicitFileType = wrapper.application; includeInIndex = 0; path = TokenTracker.app; sourceTree = BUILT_PRODUCTS_DIR; };
		87FAF54D2FB8CA49008298BD /* TokenTrackerWidgetExtension.appex */ = {isa = PBXFileReference; explicitFileType = "wrapper.app-extension"; includeInIndex = 0; path = TokenTrackerWidgetExtension.appex; sourceTree = BUILT_PRODUCTS_DIR; };
		87FAF54F2FB8CA49008298BD /* WidgetKit.framework */ = {isa = PBXFileReference; lastKnownFileType = wrapper.framework; name = WidgetKit.framework; path = System/Library/Frameworks/WidgetKit.framework; sourceTree = SDKROOT; };
		87FAF5512FB8CA49008298BD /* SwiftUI.framework */ = {isa = PBXFileReference; lastKnownFileType = wrapper.framework; name = SwiftUI.framework; path = System/Library/Frameworks/SwiftUI.framework; sourceTree = SDKROOT; };
		87FAF5672FB8CAB5008298BD /* TokenTrackerTests.xctest */ = {isa = PBXFileReference; explicitFileType = wrapper.cfbundle; includeInIndex = 0; path = TokenTrackerTests.xctest; sourceTree = BUILT_PRODUCTS_DIR; };
		87FAF5712FB8CDD1008298BD /* TokenTrackerWidgetExtension.entitlements */ = {isa = PBXFileReference; lastKnownFileType = text.plist.entitlements; path = TokenTrackerWidgetExtension.entitlements; sourceTree = "<group>"; };
		AA1234560000000000000000 /* UsageData.swift */ = {isa = PBXFileReference; lastKnownFileType = sourcecode.swift; path = UsageData.swift; sourceTree = "<group>"; };
		AA1234560000000000000004 /* SharedStore.swift */ = {isa = PBXFileReference; lastKnownFileType = sourcecode.swift; path = SharedStore.swift; sourceTree = "<group>"; };
		AA1234560000000000000007 /* LocalServer.swift */ = {isa = PBXFileReference; lastKnownFileType = sourcecode.swift; path = LocalServer.swift; sourceTree = "<group>"; };
/* End PBXFileReference section */

/* Begin PBXFileSystemSynchronizedBuildFileExceptionSet section */
		87FAF55E2FB8CA4B008298BD /* Exceptions for "TokenTrackerWidget" folder in "TokenTrackerWidgetExtension" target */ = {
			isa = PBXFileSystemSynchronizedBuildFileExceptionSet;
			membershipExceptions = (
				Info.plist,
			);
			target = 87FAF54C2FB8CA49008298BD /* TokenTrackerWidgetExtension */;
		};
/* End PBXFileSystemSynchronizedBuildFileExceptionSet section */

/* Begin PBXFileSystemSynchronizedRootGroup section */
		87FAF53D2FB8C9AA008298BD /* TokenTracker */ = {
			isa = PBXFileSystemSynchronizedRootGroup;
			path = TokenTracker;
			sourceTree = "<group>";
		};
		87FAF5532FB8CA49008298BD /* TokenTrackerWidget */ = {
			isa = PBXFileSystemSynchronizedRootGroup;
			exceptions = (
				87FAF55E2FB8CA4B008298BD /* Exceptions for "TokenTrackerWidget" folder in "TokenTrackerWidgetExtension" target */,
			);
			path = TokenTrackerWidget;
			sourceTree = "<group>";
		};
		87FAF5682FB8CAB5008298BD /* TokenTrackerTests */ = {
			isa = PBXFileSystemSynchronizedRootGroup;
			path = TokenTrackerTests;
			sourceTree = "<group>";
		};
/* End PBXFileSystemSynchronizedRootGroup section */

/* Begin PBXFrameworksBuildPhase section */
		87FAF5382FB8C9AA008298BD /* Frameworks */ = {
			isa = PBXFrameworksBuildPhase;
			buildActionMask = 2147483647;
			files = (
			);
			runOnlyForDeploymentPostprocessing = 0;
		};
		87FAF54A2FB8CA49008298BD /* Frameworks */ = {
			isa = PBXFrameworksBuildPhase;
			buildActionMask = 2147483647;
			files = (
				87FAF5522FB8CA49008298BD /* SwiftUI.framework in Frameworks */,
				87FAF5502FB8CA49008298BD /* WidgetKit.framework in Frameworks */,
			);
			runOnlyForDeploymentPostprocessing = 0;
		};
		87FAF5642FB8CAB5008298BD /* Frameworks */ = {
			isa = PBXFrameworksBuildPhase;
			buildActionMask = 2147483647;
			files = (
			);
			runOnlyForDeploymentPostprocessing = 0;
		};
/* End PBXFrameworksBuildPhase section */

/* Begin PBXGroup section */
		87FAF5322FB8C9AA008298BD = {
			isa = PBXGroup;
			children = (
				87FAF5712FB8CDD1008298BD /* TokenTrackerWidgetExtension.entitlements */,
				87FAF53D2FB8C9AA008298BD /* TokenTracker */,
				87FAF5532FB8CA49008298BD /* TokenTrackerWidget */,
				87FAF5682FB8CAB5008298BD /* TokenTrackerTests */,
				AA1234560000000000000002 /* Models */,
				AA1234560000000000000006 /* Data */,
				87FAF54E2FB8CA49008298BD /* Frameworks */,
				87FAF53C2FB8C9AA008298BD /* Products */,
			);
			sourceTree = "<group>";
		};
		87FAF53C2FB8C9AA008298BD /* Products */ = {
			isa = PBXGroup;
			children = (
				87FAF53B2FB8C9AA008298BD /* TokenTracker.app */,
				87FAF54D2FB8CA49008298BD /* TokenTrackerWidgetExtension.appex */,
				87FAF5672FB8CAB5008298BD /* TokenTrackerTests.xctest */,
			);
			name = Products;
			sourceTree = "<group>";
		};
		87FAF54E2FB8CA49008298BD /* Frameworks */ = {
			isa = PBXGroup;
			children = (
				87FAF54F2FB8CA49008298BD /* WidgetKit.framework */,
				87FAF5512FB8CA49008298BD /* SwiftUI.framework */,
			);
			name = Frameworks;
			sourceTree = "<group>";
		};
		AA1234560000000000000002 /* Models */ = {
			isa = PBXGroup;
			children = (
				AA1234560000000000000000 /* UsageData.swift */,
			);
			name = Models;
			path = TokenTracker/Models;
			sourceTree = "<group>";
		};
		AA1234560000000000000006 /* Data */ = {
			isa = PBXGroup;
			children = (
				AA1234560000000000000004 /* SharedStore.swift */,
				AA1234560000000000000007 /* LocalServer.swift */,
			);
			name = Data;
			path = TokenTracker/Data;
			sourceTree = "<group>";
		};
/* End PBXGroup section */

/* Begin PBXNativeTarget section */
		87FAF53A2FB8C9AA008298BD /* TokenTracker */ = {
			isa = PBXNativeTarget;
			buildConfigurationList = 87FAF5462FB8C9AC008298BD /* Build configuration list for PBXNativeTarget "TokenTracker" */;
			buildPhases = (
				87FAF5372FB8C9AA008298BD /* Sources */,
				87FAF5382FB8C9AA008298BD /* Frameworks */,
				87FAF5392FB8C9AA008298BD /* Resources */,
				87FAF5622FB8CA4B008298BD /* Embed Foundation Extensions */,
			);
			buildRules = (
			);
			dependencies = (
				87FAF55C2FB8CA4B008298BD /* PBXTargetDependency */,
			);
			fileSystemSynchronizedGroups = (
				87FAF53D2FB8C9AA008298BD /* TokenTracker */,
			);
			name = TokenTracker;
			packageProductDependencies = (
			);
			productName = TokenTracker;
			productReference = 87FAF53B2FB8C9AA008298BD /* TokenTracker.app */;
			productType = "com.apple.product-type.application";
		};
		87FAF54C2FB8CA49008298BD /* TokenTrackerWidgetExtension */ = {
			isa = PBXNativeTarget;
			buildConfigurationList = 87FAF55F2FB8CA4B008298BD /* Build configuration list for PBXNativeTarget "TokenTrackerWidgetExtension" */;
			buildPhases = (
				87FAF5492FB8CA49008298BD /* Sources */,
				87FAF54A2FB8CA49008298BD /* Frameworks */,
				87FAF54B2FB8CA49008298BD /* Resources */,
			);
			buildRules = (
			);
			dependencies = (
			);
			fileSystemSynchronizedGroups = (
				87FAF5532FB8CA49008298BD /* TokenTrackerWidget */,
			);
			name = TokenTrackerWidgetExtension;
			packageProductDependencies = (
			);
			productName = TokenTrackerWidgetExtension;
			productReference = 87FAF54D2FB8CA49008298BD /* TokenTrackerWidgetExtension.appex */;
			productType = "com.apple.product-type.app-extension";
		};
		87FAF5662FB8CAB5008298BD /* TokenTrackerTests */ = {
			isa = PBXNativeTarget;
			buildConfigurationList = 87FAF56D2FB8CAB5008298BD /* Build configuration list for PBXNativeTarget "TokenTrackerTests" */;
			buildPhases = (
				87FAF5632FB8CAB5008298BD /* Sources */,
				87FAF5642FB8CAB5008298BD /* Frameworks */,
				87FAF5652FB8CAB5008298BD /* Resources */,
			);
			buildRules = (
			);
			dependencies = (
				87FAF56C2FB8CAB5008298BD /* PBXTargetDependency */,
			);
			fileSystemSynchronizedGroups = (
				87FAF5682FB8CAB5008298BD /* TokenTrackerTests */,
			);
			name = TokenTrackerTests;
			packageProductDependencies = (
			);
			productName = TokenTrackerTests;
			productReference = 87FAF5672FB8CAB5008298BD /* TokenTrackerTests.xctest */;
			productType = "com.apple.product-type.bundle.unit-test";
		};
/* End PBXNativeTarget section */

/* Begin PBXProject section */
		87FAF5332FB8C9AA008298BD /* Project object */ = {
			isa = PBXProject;
			attributes = {
				BuildIndependentTargetsInParallel = 1;
				LastSwiftUpdateCheck = 2650;
				LastUpgradeCheck = 2650;
				TargetAttributes = {
					87FAF53A2FB8C9AA008298BD = {
						CreatedOnToolsVersion = 26.5;
					};
					87FAF54C2FB8CA49008298BD = {
						CreatedOnToolsVersion = 26.5;
					};
					87FAF5662FB8CAB5008298BD = {
						CreatedOnToolsVersion = 26.5;
						TestTargetID = 87FAF53A2FB8C9AA008298BD;
					};
				};
			};
			buildConfigurationList = 87FAF5362FB8C9AA008298BD /* Build configuration list for PBXProject "TokenTracker" */;
			developmentRegion = en;
			hasScannedForEncodings = 0;
			knownRegions = (
				en,
				Base,
			);
			mainGroup = 87FAF5322FB8C9AA008298BD;
			minimizedProjectReferenceProxies = 1;
			preferredProjectObjectVersion = 77;
			productRefGroup = 87FAF53C2FB8C9AA008298BD /* Products */;
			projectDirPath = "";
			projectRoot = "";
			targets = (
				87FAF53A2FB8C9AA008298BD /* TokenTracker */,
				87FAF54C2FB8CA49008298BD /* TokenTrackerWidgetExtension */,
				87FAF5662FB8CAB5008298BD /* TokenTrackerTests */,
			);
		};
/* End PBXProject section */

/* Begin PBXResourcesBuildPhase section */
		87FAF5392FB8C9AA008298BD /* Resources */ = {
			isa = PBXResourcesBuildPhase;
			buildActionMask = 2147483647;
			files = (
			);
			runOnlyForDeploymentPostprocessing = 0;
		};
		87FAF54B2FB8CA49008298BD /* Resources */ = {
			isa = PBXResourcesBuildPhase;
			buildActionMask = 2147483647;
			files = (
			);
			runOnlyForDeploymentPostprocessing = 0;
		};
		87FAF5652FB8CAB5008298BD /* Resources */ = {
			isa = PBXResourcesBuildPhase;
			buildActionMask = 2147483647;
			files = (
			);
			runOnlyForDeploymentPostprocessing = 0;
		};
/* End PBXResourcesBuildPhase section */

/* Begin PBXSourcesBuildPhase section */
		87FAF5372FB8C9AA008298BD /* Sources */ = {
			isa = PBXSourcesBuildPhase;
			buildActionMask = 2147483647;
			files = (
			);
			runOnlyForDeploymentPostprocessing = 0;
		};
		87FAF5492FB8CA49008298BD /* Sources */ = {
			isa = PBXSourcesBuildPhase;
			buildActionMask = 2147483647;
			files = (
				AA1234560000000000000001 /* UsageData.swift in Sources */,
				AA1234560000000000000005 /* SharedStore.swift in Sources */,
			);
			runOnlyForDeploymentPostprocessing = 0;
		};
		87FAF5632FB8CAB5008298BD /* Sources */ = {
			isa = PBXSourcesBuildPhase;
			buildActionMask = 2147483647;
			files = (
			);
			runOnlyForDeploymentPostprocessing = 0;
		};
/* End PBXSourcesBuildPhase section */

/* Begin PBXTargetDependency section */
		87FAF55C2FB8CA4B008298BD /* PBXTargetDependency */ = {
			isa = PBXTargetDependency;
			target = 87FAF54C2FB8CA49008298BD /* TokenTrackerWidgetExtension */;
			targetProxy = 87FAF55B2FB8CA4B008298BD /* PBXContainerItemProxy */;
		};
		87FAF56C2FB8CAB5008298BD /* PBXTargetDependency */ = {
			isa = PBXTargetDependency;
			target = 87FAF53A2FB8C9AA008298BD /* TokenTracker */;
			targetProxy = 87FAF56B2FB8CAB5008298BD /* PBXContainerItemProxy */;
		};
/* End PBXTargetDependency section */

/* Begin XCBuildConfiguration section */
		87FAF5442FB8C9AC008298BD /* Debug */ = {
			isa = XCBuildConfiguration;
			buildSettings = {
				ALWAYS_SEARCH_USER_PATHS = NO;
				ASSETCATALOG_COMPILER_GENERATE_SWIFT_ASSET_SYMBOL_EXTENSIONS = YES;
				CLANG_ANALYZER_NONNULL = YES;
				CLANG_ANALYZER_NUMBER_OBJECT_CONVERSION = YES_AGGRESSIVE;
				CLANG_CXX_LANGUAGE_STANDARD = "gnu++20";
				CLANG_ENABLE_MODULES = YES;
				CLANG_ENABLE_OBJC_ARC = YES;
				CLANG_ENABLE_OBJC_WEAK = YES;
				CLANG_WARN_BLOCK_CAPTURE_AUTORELEASING = YES;
				CLANG_WARN_BOOL_CONVERSION = YES;
				CLANG_WARN_COMMA = YES;
				CLANG_WARN_CONSTANT_CONVERSION = YES;
				CLANG_WARN_DEPRECATED_OBJC_IMPLEMENTATIONS = YES;
				CLANG_WARN_DIRECT_OBJC_ISA_USAGE = YES_ERROR;
				CLANG_WARN_DOCUMENTATION_COMMENTS = YES;
				CLANG_WARN_EMPTY_BODY = YES;
				CLANG_WARN_ENUM_CONVERSION = YES;
				CLANG_WARN_INFINITE_RECURSION = YES;
				CLANG_WARN_INT_CONVERSION = YES;
				CLANG_WARN_NON_LITERAL_NULL_CONVERSION = YES;
				CLANG_WARN_OBJC_IMPLICIT_RETAIN_SELF = YES;
				CLANG_WARN_OBJC_LITERAL_CONVERSION = YES;
				CLANG_WARN_OBJC_ROOT_CLASS = YES_ERROR;
				CLANG_WARN_QUOTED_INCLUDE_IN_FRAMEWORK_HEADER = YES;
				CLANG_WARN_RANGE_LOOP_ANALYSIS = YES;
				CLANG_WARN_STRICT_PROTOTYPES = YES;
				CLANG_WARN_SUSPICIOUS_MOVE = YES;
				CLANG_WARN_UNGUARDED_AVAILABILITY = YES_AGGRESSIVE;
				CLANG_WARN_UNREACHABLE_CODE = YES;
				CLANG_WARN__DUPLICATE_METHOD_MATCH = YES;
				COPY_PHASE_STRIP = NO;
				DEBUG_INFORMATION_FORMAT = dwarf;
				DEVELOPMENT_TEAM = "";
				ENABLE_STRICT_OBJC_MSGSEND = YES;
				ENABLE_TESTABILITY = YES;
				ENABLE_USER_SCRIPT_SANDBOXING = YES;
				GCC_C_LANGUAGE_STANDARD = gnu17;
				GCC_DYNAMIC_NO_PIC = NO;
				GCC_NO_COMMON_BLOCKS = YES;
				GCC_OPTIMIZATION_LEVEL = 0;
				GCC_PREPROCESSOR_DEFINITIONS = (
					"DEBUG=1",
					"$(inherited)",
				);
				GCC_WARN_64_TO_32_BIT_CONVERSION = YES;
				GCC_WARN_ABOUT_RETURN_TYPE = YES_ERROR;
				GCC_WARN_UNDECLARED_SELECTOR = YES;
				GCC_WARN_UNINITIALIZED_AUTOS = YES_AGGRESSIVE;
				GCC_WARN_UNUSED_FUNCTION = YES;
				GCC_WARN_UNUSED_VARIABLE = YES;
				LOCALIZATION_PREFERS_STRING_CATALOGS = YES;
				MACOSX_DEPLOYMENT_TARGET = 26.5;
				MTL_ENABLE_DEBUG_INFO = INCLUDE_SOURCE;
				MTL_FAST_MATH = YES;
				ONLY_ACTIVE_ARCH = YES;
				SDKROOT = macosx;
				SWIFT_ACTIVE_COMPILATION_CONDITIONS = "DEBUG $(inherited)";
				SWIFT_OPTIMIZATION_LEVEL = "-Onone";
			};
			name = Debug;
		};
		87FAF5452FB8C9AC008298BD /* Release */ = {
			isa = XCBuildConfiguration;
			buildSettings = {
				ALWAYS_SEARCH_USER_PATHS = NO;
				ASSETCATALOG_COMPILER_GENERATE_SWIFT_ASSET_SYMBOL_EXTENSIONS = YES;
				CLANG_ANALYZER_NONNULL = YES;
				CLANG_ANALYZER_NUMBER_OBJECT_CONVERSION = YES_AGGRESSIVE;
				CLANG_CXX_LANGUAGE_STANDARD = "gnu++20";
				CLANG_ENABLE_MODULES = YES;
				CLANG_ENABLE_OBJC_ARC = YES;
				CLANG_ENABLE_OBJC_WEAK = YES;
				CLANG_WARN_BLOCK_CAPTURE_AUTORELEASING = YES;
				CLANG_WARN_BOOL_CONVERSION = YES;
				CLANG_WARN_COMMA = YES;
				CLANG_WARN_CONSTANT_CONVERSION = YES;
				CLANG_WARN_DEPRECATED_OBJC_IMPLEMENTATIONS = YES;
				CLANG_WARN_DIRECT_OBJC_ISA_USAGE = YES_ERROR;
				CLANG_WARN_DOCUMENTATION_COMMENTS = YES;
				CLANG_WARN_EMPTY_BODY = YES;
				CLANG_WARN_ENUM_CONVERSION = YES;
				CLANG_WARN_INFINITE_RECURSION = YES;
				CLANG_WARN_INT_CONVERSION = YES;
				CLANG_WARN_NON_LITERAL_NULL_CONVERSION = YES;
				CLANG_WARN_OBJC_IMPLICIT_RETAIN_SELF = YES;
				CLANG_WARN_OBJC_LITERAL_CONVERSION = YES;
				CLANG_WARN_OBJC_ROOT_CLASS = YES_ERROR;
				CLANG_WARN_QUOTED_INCLUDE_IN_FRAMEWORK_HEADER = YES;
				CLANG_WARN_RANGE_LOOP_ANALYSIS = YES;
				CLANG_WARN_STRICT_PROTOTYPES = YES;
				CLANG_WARN_SUSPICIOUS_MOVE = YES;
				CLANG_WARN_UNGUARDED_AVAILABILITY = YES_AGGRESSIVE;
				CLANG_WARN_UNREACHABLE_CODE = YES;
				CLANG_WARN__DUPLICATE_METHOD_MATCH = YES;
				COPY_PHASE_STRIP = NO;
				DEBUG_INFORMATION_FORMAT = "dwarf-with-dsym";
				DEVELOPMENT_TEAM = "";
				ENABLE_NS_ASSERTIONS = NO;
				ENABLE_STRICT_OBJC_MSGSEND = YES;
				ENABLE_USER_SCRIPT_SANDBOXING = YES;
				GCC_C_LANGUAGE_STANDARD = gnu17;
				GCC_NO_COMMON_BLOCKS = YES;
				GCC_WARN_64_TO_32_BIT_CONVERSION = YES;
				GCC_WARN_ABOUT_RETURN_TYPE = YES_ERROR;
				GCC_WARN_UNDECLARED_SELECTOR = YES;
				GCC_WARN_UNINITIALIZED_AUTOS = YES_AGGRESSIVE;
				GCC_WARN_UNUSED_FUNCTION = YES;
				GCC_WARN_UNUSED_VARIABLE = YES;
				LOCALIZATION_PREFERS_STRING_CATALOGS = YES;
				MACOSX_DEPLOYMENT_TARGET = 26.5;
				MTL_ENABLE_DEBUG_INFO = NO;
				MTL_FAST_MATH = YES;
				SDKROOT = macosx;
				SWIFT_COMPILATION_MODE = wholemodule;
			};
			name = Release;
		};
		87FAF5472FB8C9AC008298BD /* Debug */ = {
			isa = XCBuildConfiguration;
			buildSettings = {
				ASSETCATALOG_COMPILER_APPICON_NAME = AppIcon;
				ASSETCATALOG_COMPILER_GLOBAL_ACCENT_COLOR_NAME = AccentColor;
				CODE_SIGN_ENTITLEMENTS = TokenTracker/TokenTracker.entitlements;
				CODE_SIGN_STYLE = Automatic;
				COMBINE_HIDPI_IMAGES = YES;
				CURRENT_PROJECT_VERSION = 1;
				DEVELOPMENT_TEAM = "";
				ENABLE_APP_SANDBOX = NO;
				ENABLE_HARDENED_RUNTIME = YES;
				ENABLE_INCOMING_NETWORK_CONNECTIONS = YES;
				ENABLE_OUTGOING_NETWORK_CONNECTIONS = YES;
				ENABLE_PREVIEWS = YES;
				ENABLE_RESOURCE_ACCESS_AUDIO_INPUT = NO;
				ENABLE_RESOURCE_ACCESS_BLUETOOTH = NO;
				ENABLE_RESOURCE_ACCESS_CALENDARS = NO;
				ENABLE_RESOURCE_ACCESS_CAMERA = NO;
				ENABLE_RESOURCE_ACCESS_CONTACTS = NO;
				ENABLE_RESOURCE_ACCESS_LOCATION = NO;
				ENABLE_RESOURCE_ACCESS_PRINTING = NO;
				ENABLE_RESOURCE_ACCESS_USB = NO;
				ENABLE_USER_SELECTED_FILES = readonly;
				GENERATE_INFOPLIST_FILE = YES;
				INFOPLIST_KEY_NSHumanReadableCopyright = "";
				LD_RUNPATH_SEARCH_PATHS = (
					"$(inherited)",
					"@executable_path/../Frameworks",
				);
				MARKETING_VERSION = 1.0;
				PRODUCT_BUNDLE_IDENTIFIER = com.tokentracker.TokenTracker;
				PRODUCT_NAME = "$(TARGET_NAME)";
				STRING_CATALOG_GENERATE_SYMBOLS = YES;
				SWIFT_APPROACHABLE_CONCURRENCY = YES;
				SWIFT_DEFAULT_ACTOR_ISOLATION = MainActor;
				SWIFT_EMIT_LOC_STRINGS = YES;
				SWIFT_UPCOMING_FEATURE_MEMBER_IMPORT_VISIBILITY = YES;
				SWIFT_VERSION = 5.0;
			};
			name = Debug;
		};
		87FAF5482FB8C9AC008298BD /* Release */ = {
			isa = XCBuildConfiguration;
			buildSettings = {
				ASSETCATALOG_COMPILER_APPICON_NAME = AppIcon;
				ASSETCATALOG_COMPILER_GLOBAL_ACCENT_COLOR_NAME = AccentColor;
				CODE_SIGN_ENTITLEMENTS = TokenTracker/TokenTracker.entitlements;
				CODE_SIGN_STYLE = Automatic;
				COMBINE_HIDPI_IMAGES = YES;
				CURRENT_PROJECT_VERSION = 1;
				DEVELOPMENT_TEAM = "";
				ENABLE_APP_SANDBOX = NO;
				ENABLE_HARDENED_RUNTIME = YES;
				ENABLE_INCOMING_NETWORK_CONNECTIONS = YES;
				ENABLE_OUTGOING_NETWORK_CONNECTIONS = YES;
				ENABLE_PREVIEWS = YES;
				ENABLE_RESOURCE_ACCESS_AUDIO_INPUT = NO;
				ENABLE_RESOURCE_ACCESS_BLUETOOTH = NO;
				ENABLE_RESOURCE_ACCESS_CALENDARS = NO;
				ENABLE_RESOURCE_ACCESS_CAMERA = NO;
				ENABLE_RESOURCE_ACCESS_CONTACTS = NO;
				ENABLE_RESOURCE_ACCESS_LOCATION = NO;
				ENABLE_RESOURCE_ACCESS_PRINTING = NO;
				ENABLE_RESOURCE_ACCESS_USB = NO;
				ENABLE_USER_SELECTED_FILES = readonly;
				GENERATE_INFOPLIST_FILE = YES;
				INFOPLIST_KEY_NSHumanReadableCopyright = "";
				LD_RUNPATH_SEARCH_PATHS = (
					"$(inherited)",
					"@executable_path/../Frameworks",
				);
				MARKETING_VERSION = 1.0;
				PRODUCT_BUNDLE_IDENTIFIER = com.tokentracker.TokenTracker;
				PRODUCT_NAME = "$(TARGET_NAME)";
				STRING_CATALOG_GENERATE_SYMBOLS = YES;
				SWIFT_APPROACHABLE_CONCURRENCY = YES;
				SWIFT_DEFAULT_ACTOR_ISOLATION = MainActor;
				SWIFT_EMIT_LOC_STRINGS = YES;
				SWIFT_UPCOMING_FEATURE_MEMBER_IMPORT_VISIBILITY = YES;
				SWIFT_VERSION = 5.0;
			};
			name = Release;
		};
		87FAF5602FB8CA4B008298BD /* Debug */ = {
			isa = XCBuildConfiguration;
			buildSettings = {
				ASSETCATALOG_COMPILER_GLOBAL_ACCENT_COLOR_NAME = AccentColor;
				ASSETCATALOG_COMPILER_WIDGET_BACKGROUND_COLOR_NAME = WidgetBackground;
				CODE_SIGN_ENTITLEMENTS = TokenTrackerWidgetExtension.entitlements;
				CODE_SIGN_STYLE = Automatic;
				CURRENT_PROJECT_VERSION = 1;
				DEVELOPMENT_TEAM = "";
				ENABLE_APP_SANDBOX = YES;
				ENABLE_HARDENED_RUNTIME = YES;
				ENABLE_INCOMING_NETWORK_CONNECTIONS = NO;
				ENABLE_OUTGOING_NETWORK_CONNECTIONS = YES;
				ENABLE_RESOURCE_ACCESS_AUDIO_INPUT = NO;
				ENABLE_RESOURCE_ACCESS_BLUETOOTH = NO;
				ENABLE_RESOURCE_ACCESS_CALENDARS = NO;
				ENABLE_RESOURCE_ACCESS_CAMERA = NO;
				ENABLE_RESOURCE_ACCESS_CONTACTS = NO;
				ENABLE_RESOURCE_ACCESS_LOCATION = NO;
				ENABLE_RESOURCE_ACCESS_PRINTING = NO;
				ENABLE_RESOURCE_ACCESS_USB = NO;
				GENERATE_INFOPLIST_FILE = YES;
				INFOPLIST_FILE = TokenTrackerWidget/Info.plist;
				INFOPLIST_KEY_CFBundleDisplayName = TokenTrackerWidget;
				INFOPLIST_KEY_NSHumanReadableCopyright = "";
				LD_RUNPATH_SEARCH_PATHS = (
					"$(inherited)",
					"@executable_path/../Frameworks",
					"@executable_path/../../../../Frameworks",
				);
				MACOSX_DEPLOYMENT_TARGET = 26.5;
				MARKETING_VERSION = 1.0;
				PRODUCT_BUNDLE_IDENTIFIER = com.tokentracker.TokenTracker.TokenTrackerWidget;
				PRODUCT_NAME = "$(TARGET_NAME)";
				SKIP_INSTALL = YES;
				STRING_CATALOG_GENERATE_SYMBOLS = YES;
				SWIFT_APPROACHABLE_CONCURRENCY = YES;
				SWIFT_EMIT_LOC_STRINGS = YES;
				SWIFT_UPCOMING_FEATURE_MEMBER_IMPORT_VISIBILITY = YES;
				SWIFT_VERSION = 5.0;
			};
			name = Debug;
		};
		87FAF5612FB8CA4B008298BD /* Release */ = {
			isa = XCBuildConfiguration;
			buildSettings = {
				ASSETCATALOG_COMPILER_GLOBAL_ACCENT_COLOR_NAME = AccentColor;
				ASSETCATALOG_COMPILER_WIDGET_BACKGROUND_COLOR_NAME = WidgetBackground;
				CODE_SIGN_ENTITLEMENTS = TokenTrackerWidgetExtension.entitlements;
				CODE_SIGN_STYLE = Automatic;
				CURRENT_PROJECT_VERSION = 1;
				DEVELOPMENT_TEAM = "";
				ENABLE_APP_SANDBOX = YES;
				ENABLE_HARDENED_RUNTIME = YES;
				ENABLE_INCOMING_NETWORK_CONNECTIONS = NO;
				ENABLE_OUTGOING_NETWORK_CONNECTIONS = YES;
				ENABLE_RESOURCE_ACCESS_AUDIO_INPUT = NO;
				ENABLE_RESOURCE_ACCESS_BLUETOOTH = NO;
				ENABLE_RESOURCE_ACCESS_CALENDARS = NO;
				ENABLE_RESOURCE_ACCESS_CAMERA = NO;
				ENABLE_RESOURCE_ACCESS_CONTACTS = NO;
				ENABLE_RESOURCE_ACCESS_LOCATION = NO;
				ENABLE_RESOURCE_ACCESS_PRINTING = NO;
				ENABLE_RESOURCE_ACCESS_USB = NO;
				GENERATE_INFOPLIST_FILE = YES;
				INFOPLIST_FILE = TokenTrackerWidget/Info.plist;
				INFOPLIST_KEY_CFBundleDisplayName = TokenTrackerWidget;
				INFOPLIST_KEY_NSHumanReadableCopyright = "";
				LD_RUNPATH_SEARCH_PATHS = (
					"$(inherited)",
					"@executable_path/../Frameworks",
					"@executable_path/../../../../Frameworks",
				);
				MACOSX_DEPLOYMENT_TARGET = 26.5;
				MARKETING_VERSION = 1.0;
				PRODUCT_BUNDLE_IDENTIFIER = com.tokentracker.TokenTracker.TokenTrackerWidget;
				PRODUCT_NAME = "$(TARGET_NAME)";
				SKIP_INSTALL = YES;
				STRING_CATALOG_GENERATE_SYMBOLS = YES;
				SWIFT_APPROACHABLE_CONCURRENCY = YES;
				SWIFT_EMIT_LOC_STRINGS = YES;
				SWIFT_UPCOMING_FEATURE_MEMBER_IMPORT_VISIBILITY = YES;
				SWIFT_VERSION = 5.0;
			};
			name = Release;
		};
		87FAF56E2FB8CAB5008298BD /* Debug */ = {
			isa = XCBuildConfiguration;
			buildSettings = {
				BUNDLE_LOADER = "$(TEST_HOST)";
				CODE_SIGN_STYLE = Automatic;
				CURRENT_PROJECT_VERSION = 1;
				DEVELOPMENT_TEAM = "";
				GENERATE_INFOPLIST_FILE = YES;
				MARKETING_VERSION = 1.0;
				PRODUCT_BUNDLE_IDENTIFIER = com.tokentracker.TokenTracker.TokenTrackerTests;
				PRODUCT_NAME = "$(TARGET_NAME)";
				STRING_CATALOG_GENERATE_SYMBOLS = NO;
				SWIFT_APPROACHABLE_CONCURRENCY = YES;
				SWIFT_EMIT_LOC_STRINGS = NO;
				SWIFT_UPCOMING_FEATURE_MEMBER_IMPORT_VISIBILITY = YES;
				SWIFT_VERSION = 5.0;
				TEST_HOST = "$(BUILT_PRODUCTS_DIR)/TokenTracker.app/$(BUNDLE_EXECUTABLE_FOLDER_PATH)/TokenTracker";
			};
			name = Debug;
		};
		87FAF56F2FB8CAB5008298BD /* Release */ = {
			isa = XCBuildConfiguration;
			buildSettings = {
				BUNDLE_LOADER = "$(TEST_HOST)";
				CODE_SIGN_STYLE = Automatic;
				CURRENT_PROJECT_VERSION = 1;
				DEVELOPMENT_TEAM = "";
				GENERATE_INFOPLIST_FILE = YES;
				MARKETING_VERSION = 1.0;
				PRODUCT_BUNDLE_IDENTIFIER = com.tokentracker.TokenTracker.TokenTrackerTests;
				PRODUCT_NAME = "$(TARGET_NAME)";
				STRING_CATALOG_GENERATE_SYMBOLS = NO;
				SWIFT_APPROACHABLE_CONCURRENCY = YES;
				SWIFT_EMIT_LOC_STRINGS = NO;
				SWIFT_UPCOMING_FEATURE_MEMBER_IMPORT_VISIBILITY = YES;
				SWIFT_VERSION = 5.0;
				TEST_HOST = "$(BUILT_PRODUCTS_DIR)/TokenTracker.app/$(BUNDLE_EXECUTABLE_FOLDER_PATH)/TokenTracker";
			};
			name = Release;
		};
/* End XCBuildConfiguration section */

/* Begin XCConfigurationList section */
		87FAF5362FB8C9AA008298BD /* Build configuration list for PBXProject "TokenTracker" */ = {
			isa = XCConfigurationList;
			buildConfigurations = (
				87FAF5442FB8C9AC008298BD /* Debug */,
				87FAF5452FB8C9AC008298BD /* Release */,
			);
			defaultConfigurationIsVisible = 0;
			defaultConfigurationName = Release;
		};
		87FAF5462FB8C9AC008298BD /* Build configuration list for PBXNativeTarget "TokenTracker" */ = {
			isa = XCConfigurationList;
			buildConfigurations = (
				87FAF5472FB8C9AC008298BD /* Debug */,
				87FAF5482FB8C9AC008298BD /* Release */,
			);
			defaultConfigurationIsVisible = 0;
			defaultConfigurationName = Release;
		};
		87FAF55F2FB8CA4B008298BD /* Build configuration list for PBXNativeTarget "TokenTrackerWidgetExtension" */ = {
			isa = XCConfigurationList;
			buildConfigurations = (
				87FAF5602FB8CA4B008298BD /* Debug */,
				87FAF5612FB8CA4B008298BD /* Release */,
			);
			defaultConfigurationIsVisible = 0;
			defaultConfigurationName = Release;
		};
		87FAF56D2FB8CAB5008298BD /* Build configuration list for PBXNativeTarget "TokenTrackerTests" */ = {
			isa = XCConfigurationList;
			buildConfigurations = (
				87FAF56E2FB8CAB5008298BD /* Debug */,
				87FAF56F2FB8CAB5008298BD /* Release */,
			);
			defaultConfigurationIsVisible = 0;
			defaultConfigurationName = Release;
		};
/* End XCConfigurationList section */
	};
	rootObject = 87FAF5332FB8C9AA008298BD /* Project object */;
}
